
Microsoft Visual Studio Solution File, Format Version 12.00
# Visual Studio Version 16
VisualStudioVersion = 16.0.31205.134
MinimumVisualStudioVersion = 10.0.40219.1
Project("{FAE04EC0-301F-11D3-BF4B-00C04F79EFBC}") = "SeriSink", "SeriSink\SeriSink.csproj", "{8AC04D12-EF9A-401D-B0B7-AC4989B21C4B}"
EndProject
Global
	GlobalSection(SolutionConfigurationPlatforms) = preSolution
		Debug|Any CPU = Debug|Any CPU
		Release|Any CPU = Release|Any CPU
	EndGlobalSection
	GlobalSection(ProjectConfigurationPlatforms) = postSolution
		{8AC04D12-EF9A-401D-B0B7-AC4989B21C4B}.Debug|Any CPU.ActiveCfg = Debug|Any CPU
		{8AC04D12-EF9A-401D-B0B7-AC4989B21C4B}.Debug|Any CPU.Build.0 = Debug|Any CPU
		{8AC04D12-EF9A-401D-B0B7-AC4989B21C4B}.Release|Any CPU.ActiveCfg = Release|Any CPU
		{8AC04D12-EF9A-401D-B0B7-AC4989B21C4B}.Release|Any CPU.Build.0 = Release|Any CPU
	EndGlobalSection
	GlobalSection(SolutionProperties) = preSolution
		HideSolutionNode = FALSE
	EndGlobalSection
	GlobalSection(ExtensibilityGlobals) = postSolution
		SolutionGuid = {5677DB18-E8AC-4120-B19B-29CDA6B0FC2D}
	EndGlobalSection
EndGlobal
